
Microsoft Visual Studio Solution File, Format Version 12.00
# Visual Studio Version 16
VisualStudioVersion = 16.0.29609.76
MinimumVisualStudioVersion = 10.0.40219.1
Project("{FAE04EC0-301F-11D3-BF4B-00C04F79EFBC}") = "LaborSafety", "LaborSafety\LaborSafety.csproj", "{C3D8D64A-11EE-4AA9-A137-20E437B819C6}"
	ProjectSection(ProjectDependencies) = postProject
		{5491E82F-0767-4459-B086-CFC49122F253} = {5491E82F-0767-4459-B086-CFC49122F253}
		{3ADE2E59-EC06-4BC3-81AB-02385DB05B77} = {3ADE2E59-EC06-4BC3-81AB-02385DB05B77}
		{434B5C6F-F67F-4E4F-81B6-54C5BF0B0CAC} = {434B5C6F-F67F-4E4F-81B6-54C5BF0B0CAC}
		{2E974ECD-3F90-4A66-8FE8-BA912CD5A190} = {2E974ECD-3F90-4A66-8FE8-BA912CD5A190}
	EndProjectSection
EndProject
Project("{FAE04EC0-301F-11D3-BF4B-00C04F79EFBC}") = "LaborSafety.Dominio", "LaborSafety.Dominio\LaborSafety.Dominio.csproj", "{3ADE2E59-EC06-4BC3-81AB-02385DB05B77}"
	ProjectSection(ProjectDependencies) = postProject
		{434B5C6F-F67F-4E4F-81B6-54C5BF0B0CAC} = {434B5C6F-F67F-4E4F-81B6-54C5BF0B0CAC}
	EndProjectSection
EndProject
Project("{FAE04EC0-301F-11D3-BF4B-00C04F79EFBC}") = "LaborSafety.Injection", "LaborSafety.Injection\LaborSafety.Injection.csproj", "{5491E82F-0767-4459-B086-CFC49122F253}"
	ProjectSection(ProjectDependencies) = postProject
		{3ADE2E59-EC06-4BC3-81AB-02385DB05B77} = {3ADE2E59-EC06-4BC3-81AB-02385DB05B77}
		{434B5C6F-F67F-4E4F-81B6-54C5BF0B0CAC} = {434B5C6F-F67F-4E4F-81B6-54C5BF0B0CAC}
		{9F0D9BBE-226C-4B0A-ACB3-41B361190E1D} = {9F0D9BBE-226C-4B0A-ACB3-41B361190E1D}
		{2E974ECD-3F90-4A66-8FE8-BA912CD5A190} = {2E974ECD-3F90-4A66-8FE8-BA912CD5A190}
	EndProjectSection
EndProject
Project("{FAE04EC0-301F-11D3-BF4B-00C04F79EFBC}") = "LaborSafety.Negocio", "LaborSafety.Negocio\LaborSafety.Negocio.csproj", "{2E974ECD-3F90-4A66-8FE8-BA912CD5A190}"
	ProjectSection(ProjectDependencies) = postProject
		{3ADE2E59-EC06-4BC3-81AB-02385DB05B77} = {3ADE2E59-EC06-4BC3-81AB-02385DB05B77}
		{434B5C6F-F67F-4E4F-81B6-54C5BF0B0CAC} = {434B5C6F-F67F-4E4F-81B6-54C5BF0B0CAC}
		{9F0D9BBE-226C-4B0A-ACB3-41B361190E1D} = {9F0D9BBE-226C-4B0A-ACB3-41B361190E1D}
	EndProjectSection
EndProject
Project("{FAE04EC0-301F-11D3-BF4B-00C04F79EFBC}") = "LaborSafety.Persistencia", "LaborSafety.Persistencia\LaborSafety.Persistencia.csproj", "{9F0D9BBE-226C-4B0A-ACB3-41B361190E1D}"
	ProjectSection(ProjectDependencies) = postProject
		{3ADE2E59-EC06-4BC3-81AB-02385DB05B77} = {3ADE2E59-EC06-4BC3-81AB-02385DB05B77}
		{434B5C6F-F67F-4E4F-81B6-54C5BF0B0CAC} = {434B5C6F-F67F-4E4F-81B6-54C5BF0B0CAC}
	EndProjectSection
EndProject
Project("{FAE04EC0-301F-11D3-BF4B-00C04F79EFBC}") = "LaborSafety.Utils", "LaborSafety.Utils\LaborSafety.Utils.csproj", "{434B5C6F-F67F-4E4F-81B6-54C5BF0B0CAC}"
EndProject
Project("{FAE04EC0-301F-11D3-BF4B-00C04F79EFBC}") = "LaborSafety.Testes", "LaborSafety.Testes\LaborSafety.Testes.csproj", "{6EF86435-FEA8-4815-98C4-165760D77702}"
	ProjectSection(ProjectDependencies) = postProject
		{C3D8D64A-11EE-4AA9-A137-20E437B819C6} = {C3D8D64A-11EE-4AA9-A137-20E437B819C6}
		{3ADE2E59-EC06-4BC3-81AB-02385DB05B77} = {3ADE2E59-EC06-4BC3-81AB-02385DB05B77}
		{434B5C6F-F67F-4E4F-81B6-54C5BF0B0CAC} = {434B5C6F-F67F-4E4F-81B6-54C5BF0B0CAC}
		{9F0D9BBE-226C-4B0A-ACB3-41B361190E1D} = {9F0D9BBE-226C-4B0A-ACB3-41B361190E1D}
		{2E974ECD-3F90-4A66-8FE8-BA912CD5A190} = {2E974ECD-3F90-4A66-8FE8-BA912CD5A190}
	EndProjectSection
EndProject
Global
	GlobalSection(SolutionConfigurationPlatforms) = preSolution
		Debug|Any CPU = Debug|Any CPU
		Release|Any CPU = Release|Any CPU
	EndGlobalSection
	GlobalSection(ProjectConfigurationPlatforms) = postSolution
		{C3D8D64A-11EE-4AA9-A137-20E437B819C6}.Debug|Any CPU.ActiveCfg = Debug|Any CPU
		{C3D8D64A-11EE-4AA9-A137-20E437B819C6}.Debug|Any CPU.Build.0 = Debug|Any CPU
		{C3D8D64A-11EE-4AA9-A137-20E437B819C6}.Release|Any CPU.ActiveCfg = Release|Any CPU
		{C3D8D64A-11EE-4AA9-A137-20E437B819C6}.Release|Any CPU.Build.0 = Release|Any CPU
		{3ADE2E59-EC06-4BC3-81AB-02385DB05B77}.Debug|Any CPU.ActiveCfg = Debug|Any CPU
		{3ADE2E59-EC06-4BC3-81AB-02385DB05B77}.Debug|Any CPU.Build.0 = Debug|Any CPU
		{3ADE2E59-EC06-4BC3-81AB-02385DB05B77}.Release|Any CPU.ActiveCfg = Release|Any CPU
		{3ADE2E59-EC06-4BC3-81AB-02385DB05B77}.Release|Any CPU.Build.0 = Release|Any CPU
		{5491E82F-0767-4459-B086-CFC49122F253}.Debug|Any CPU.ActiveCfg = Debug|Any CPU
		{5491E82F-0767-4459-B086-CFC49122F253}.Debug|Any CPU.Build.0 = Debug|Any CPU
		{5491E82F-0767-4459-B086-CFC49122F253}.Release|Any CPU.ActiveCfg = Release|Any CPU
		{5491E82F-0767-4459-B086-CFC49122F253}.Release|Any CPU.Build.0 = Release|Any CPU
		{2E974ECD-3F90-4A66-8FE8-BA912CD5A190}.Debug|Any CPU.ActiveCfg = Debug|Any CPU
		{2E974ECD-3F90-4A66-8FE8-BA912CD5A190}.Debug|Any CPU.Build.0 = Debug|Any CPU
		{2E974ECD-3F90-4A66-8FE8-BA912CD5A190}.Release|Any CPU.ActiveCfg = Release|Any CPU
		{2E974ECD-3F90-4A66-8FE8-BA912CD5A190}.Release|Any CPU.Build.0 = Release|Any CPU
		{9F0D9BBE-226C-4B0A-ACB3-41B361190E1D}.Debug|Any CPU.ActiveCfg = Debug|Any CPU
		{9F0D9BBE-226C-4B0A-ACB3-41B361190E1D}.Debug|Any CPU.Build.0 = Debug|Any CPU
		{9F0D9BBE-226C-4B0A-ACB3-41B361190E1D}.Release|Any CPU.ActiveCfg = Release|Any CPU
		{9F0D9BBE-226C-4B0A-ACB3-41B361190E1D}.Release|Any CPU.Build.0 = Release|Any CPU
		{434B5C6F-F67F-4E4F-81B6-54C5BF0B0CAC}.Debug|Any CPU.ActiveCfg = Debug|Any CPU
		{434B5C6F-F67F-4E4F-81B6-54C5BF0B0CAC}.Debug|Any CPU.Build.0 = Debug|Any CPU
		{434B5C6F-F67F-4E4F-81B6-54C5BF0B0CAC}.Release|Any CPU.ActiveCfg = Release|Any CPU
		{434B5C6F-F67F-4E4F-81B6-54C5BF0B0CAC}.Release|Any CPU.Build.0 = Release|Any CPU
		{6EF86435-FEA8-4815-98C4-165760D77702}.Debug|Any CPU.ActiveCfg = Debug|Any CPU
		{6EF86435-FEA8-4815-98C4-165760D77702}.Debug|Any CPU.Build.0 = Debug|Any CPU
		{6EF86435-FEA8-4815-98C4-165760D77702}.Release|Any CPU.ActiveCfg = Release|Any CPU
		{6EF86435-FEA8-4815-98C4-165760D77702}.Release|Any CPU.Build.0 = Release|Any CPU
	EndGlobalSection
	GlobalSection(SolutionProperties) = preSolution
		HideSolutionNode = FALSE
	EndGlobalSection
	GlobalSection(ExtensibilityGlobals) = postSolution
		SolutionGuid = {0B6AE55C-1AB6-45D6-BB8A-3C1A7854C2F2}
	EndGlobalSection
EndGlobal
